<?xml version="1.0" encoding="utf-8"?>
<Project ToolsVersion="4.0" xmlns="http://schemas.microsoft.com/developer/msbuild/2003">
  <ItemGroup>
    <ClCompile Include="CServer.cpp" />
    <ClCompile Include="DataBaseHelper.cpp" />
    <ClCompile Include="Epoll.cpp" />
    <ClCompile Include="HttpParser.cpp" />
    <ClCompile Include="Logger.cpp" />
    <ClCompile Include="main.cpp" />
    <ClCompile Include="Thread.cpp" />
    <ClCompile Include="Sqlite3Client.cpp" />
    <ClCompile Include="sqlite3\sqlite3.c">
      <Filter>sqlite3</Filter>
    </ClCompile>
    <ClCompile Include="MysqlClient.cpp" />
    <ClCompile Include="Crypto.cpp" />
  </ItemGroup>
  <ItemGroup>
    <ClInclude Include="..\Function.h" />
    <ClInclude Include="CServer.h" />
    <ClInclude Include="DataBaseHelper.h" />
    <ClInclude Include="Epoll.h" />
    <ClInclude Include="HttpParser.h" />
    <ClInclude Include="Logger.h" />
    <ClInclude Include="PlayerServer.h" />
    <ClInclude Include="Process.h" />
    <ClInclude Include="Socket.h" />
    <ClInclude Include="Thread.h" />
    <ClInclude Include="ThreadPool.h" />
    <ClInclude Include="Sqlite3Client.h" />
    <ClInclude Include="sqlite3\sqlite3.h">
      <Filter>sqlite3</Filter>
    </ClInclude>
    <ClInclude Include="sqlite3\sqlite3ext.h">
      <Filter>sqlite3</Filter>
    </ClInclude>
    <ClInclude Include="Public.h" />
    <ClInclude Include="MysqlClient.h" />
    <ClInclude Include="Crypto.h" />
    <ClInclude Include="EPlayerServer.h" />
  </ItemGroup>
  <ItemGroup>
    <Filter Include="sqlite3">
      <UniqueIdentifier>{9e92d4f9-3b0b-4054-a616-50fc20a352ba}</UniqueIdentifier>
    </Filter>
    <Filter Include="img">
      <UniqueIdentifier>{16ffb2fd-6226-42a1-b75e-8d27f8a2b798}</UniqueIdentifier>
    </Filter>
  </ItemGroup>
  <ItemGroup>
    <Image Include="..\img\image.png">
      <Filter>img</Filter>
    </Image>
    <Image Include="..\img\image-1.png">
      <Filter>img</Filter>
    </Image>
    <Image Include="..\img\image-2.png">
      <Filter>img</Filter>
    </Image>
    <Image Include="..\img\image-3.png">
      <Filter>img</Filter>
    </Image>
    <Image Include="..\img\image-4.png">
      <Filter>img</Filter>
    </Image>
    <Image Include="..\img\image-5.png">
      <Filter>img</Filter>
    </Image>
    <Image Include="..\img\image-6.png">
      <Filter>img</Filter>
    </Image>
    <Image Include="..\img\image-7.png">
      <Filter>img</Filter>
    </Image>
    <Image Include="..\img\image-8.png">
      <Filter>img</Filter>
    </Image>
    <Image Include="..\img\image-9.png">
      <Filter>img</Filter>
    </Image>
    <Image Include="..\img\image-10.png">
      <Filter>img</Filter>
    </Image>
    <Image Include="..\img\image-11.png">
      <Filter>img</Filter>
    </Image>
    <Image Include="..\img\image-12.png">
      <Filter>img</Filter>
    </Image>
    <Image Include="..\img\image-13.png">
      <Filter>img</Filter>
    </Image>
    <Image Include="..\img\image-14.png">
      <Filter>img</Filter>
    </Image>
    <Image Include="..\img\image-15.png">
      <Filter>img</Filter>
    </Image>
    <Image Include="..\img\image-16.png">
      <Filter>img</Filter>
    </Image>
    <Image Include="..\img\image-17.png">
      <Filter>img</Filter>
    </Image>
    <Image Include="..\img\image-18.png">
      <Filter>img</Filter>
    </Image>
    <Image Include="..\img\image-19.png">
      <Filter>img</Filter>
    </Image>
    <Image Include="..\img\image-20.png">
      <Filter>img</Filter>
    </Image>
    <Image Include="..\img\image-21.png">
      <Filter>img</Filter>
    </Image>
    <Image Include="..\img\image-22.png">
      <Filter>img</Filter>
    </Image>
  </ItemGroup>
  <ItemGroup>
    <None Include="..\README.md" />
  </ItemGroup>
</Project>